{
  "name": "poprun",
  "version": "1.0.0",
  "lockfileVersion": 1,
  "requires": true,
  "dependencies": {
    "@vant/weapp": {
      "version": "1.2.2",
      "resolved": "https://registry.npm.taobao.org/@vant/weapp/download/@vant/weapp-1.2.2.tgz?cache=0&sync_timestamp=1587435123675&other_urls=https%3A%2F%2Fregistry.npm.taobao.org%2F%40vant%2Fweapp%2Fdownload%2F%40vant%2Fweapp-1.2.2.tgz",
      "integrity": "sha1-ISz17rOBKnSG8sy7juOK876MRbk="
    },
    "vant-weapp": {
      "version": "0.5.28",
      "resolved": "https://registry.npm.taobao.org/vant-weapp/download/vant-weapp-0.5.28.tgz",
      "integrity": "sha1-Qm7biuxShKGnvqsbXpy3PlFExBs="
    }
  }
}
