{
  "name": "poprun",
  "version": "1.0.0",
  "lockfileVersion": 1,
  "requires": true,
  "dependencies": {
    "@vant/weapp": {
      "version": "1.0.7",
      "resolved": "https://registry.npm.taobao.org/@vant/weapp/download/@vant/weapp-1.0.7.tgz",
      "integrity": "sha1-G5CJgjQKk2T3WjRuFKMcBmYE/GI="
    }
  }
}